
Microsoft Visual Studio Solution File, Format Version 12.00
# Visual Studio Version 16
VisualStudioVersion = 16.0.29230.47
MinimumVisualStudioVersion = 10.0.40219.1
Project("{9A19103F-16F7-4668-BE54-9A1E7A4F7556}") = "Application", "src\Core\Application\Application.csproj", "{67C7C932-3C24-428E-95CD-2C2896E080CF}"
EndProject
Project("{2150E333-8FDC-42A3-9474-1A3956D46DE8}") = "Core", "Core", "{8E38F648-6C13-4138-A8FB-4DF35B66CB12}"
EndProject
Project("{2150E333-8FDC-42A3-9474-1A3956D46DE8}") = "Infrastructure", "Infrastructure", "{DD1985B9-7A0F-4B8A-AC9C-2C0675DF083E}"
EndProject
Project("{9A19103F-16F7-4668-BE54-9A1E7A4F7556}") = "WFImageParser", "src\Infrastructure\WFImageParser\WFImageParser.csproj", "{BBB2C262-FBF1-4B7A-B5E7-EAE0FE26BA1D}"
EndProject
Project("{2150E333-8FDC-42A3-9474-1A3956D46DE8}") = "Presentation", "Presentation", "{908B3390-0AB4-4FFF-A227-F8CD22A58484}"
EndProject
Project("{9A19103F-16F7-4668-BE54-9A1E7A4F7556}") = "DebugCLI", "src\Presentation\DebugCLI\DebugCLI.csproj", "{1B1D61D2-919E-4496-A2E7-1FA8DFBC9FC7}"
EndProject
Project("{9A19103F-16F7-4668-BE54-9A1E7A4F7556}") = "Common", "src\Common\Common\Common.csproj", "{FA74E0B6-CE54-46F4-A15B-259A390C85B9}"
EndProject
Project("{9A19103F-16F7-4668-BE54-9A1E7A4F7556}") = "DataStream", "src\Infrastructure\DataStream\DataStream.csproj", "{9E1F6E75-1F6C-4FC6-A974-51B7D8EDE54F}"
EndProject
Project("{9A19103F-16F7-4668-BE54-9A1E7A4F7556}") = "WFGameCapture", "src\Infrastructure\WFGameCapture\WFGameCapture.csproj", "{9170CBE4-B5BA-4F30-8DE2-F074976F0B30}"
EndProject
Project("{FAE04EC0-301F-11D3-BF4B-00C04F79EFBC}") = "ImageOCR", "src\Infrastructure\ImageOCR\ImageOCR.csproj", "{6A9BCC5C-F268-457B-BD47-F5BE227238C3}"
EndProject
Project("{9A19103F-16F7-4668-BE54-9A1E7A4F7556}") = "ChatLoggerCLI", "src\Presentation\ChatLoggerCLI\ChatLoggerCLI.csproj", "{DB224A2A-B1B9-45FE-B5AD-326D23E76F84}"
EndProject
Project("{9A19103F-16F7-4668-BE54-9A1E7A4F7556}") = "Tesseract", "src\Infrastructure\Tesseract\src\Tesseract\Tesseract.csproj", "{F6B6EF0E-E199-4985-9264-BF60CB3B5031}"
EndProject
Project("{9A19103F-16F7-4668-BE54-9A1E7A4F7556}") = "ChineseChatParser", "src\Infrastructure\ChineseChatParser\ChineseChatParser.csproj", "{22DC087D-AE9C-44F0-A26E-91FC04EF41A7}"
EndProject
Project("{9A19103F-16F7-4668-BE54-9A1E7A4F7556}") = "PerfTest", "src\Presentation\PerfTest\PerfTest.csproj", "{2DE6DB10-CAE6-43F6-9AD4-20473460601F}"
EndProject
Project("{9A19103F-16F7-4668-BE54-9A1E7A4F7556}") = "WarframeDriver", "src\Infrastructure\WarframeDriver\WarframeDriver.csproj", "{BB1CEBA7-936F-4CD3-8332-A7CDD361DF74}"
EndProject
Project("{9A19103F-16F7-4668-BE54-9A1E7A4F7556}") = "ConfigHelper", "src\Presentation\ConfigHelper\ConfigHelper.csproj", "{51830611-08EE-407F-8FDE-3819DA9F3362}"
EndProject
Project("{FAE04EC0-301F-11D3-BF4B-00C04F79EFBC}") = "CornerChatParser", "src\Infrastructure\CornerChatParser\CornerChatParser.csproj", "{CE7A63AC-7DEF-4B53-BD0C-07B41328A83E}"
EndProject
Global
	GlobalSection(SolutionConfigurationPlatforms) = preSolution
		Debug|Any CPU = Debug|Any CPU
		Debug|x64 = Debug|x64
		Debug|x86 = Debug|x86
		Release|Any CPU = Release|Any CPU
		Release|x64 = Release|x64
		Release|x86 = Release|x86
	EndGlobalSection
	GlobalSection(ProjectConfigurationPlatforms) = postSolution
		{67C7C932-3C24-428E-95CD-2C2896E080CF}.Debug|Any CPU.ActiveCfg = Debug|Any CPU
		{67C7C932-3C24-428E-95CD-2C2896E080CF}.Debug|Any CPU.Build.0 = Debug|Any CPU
		{67C7C932-3C24-428E-95CD-2C2896E080CF}.Debug|x64.ActiveCfg = Debug|Any CPU
		{67C7C932-3C24-428E-95CD-2C2896E080CF}.Debug|x64.Build.0 = Debug|Any CPU
		{67C7C932-3C24-428E-95CD-2C2896E080CF}.Debug|x86.ActiveCfg = Debug|Any CPU
		{67C7C932-3C24-428E-95CD-2C2896E080CF}.Debug|x86.Build.0 = Debug|Any CPU
		{67C7C932-3C24-428E-95CD-2C2896E080CF}.Release|Any CPU.ActiveCfg = Release|Any CPU
		{67C7C932-3C24-428E-95CD-2C2896E080CF}.Release|Any CPU.Build.0 = Release|Any CPU
		{67C7C932-3C24-428E-95CD-2C2896E080CF}.Release|x64.ActiveCfg = Release|Any CPU
		{67C7C932-3C24-428E-95CD-2C2896E080CF}.Release|x64.Build.0 = Release|Any CPU
		{67C7C932-3C24-428E-95CD-2C2896E080CF}.Release|x86.ActiveCfg = Release|Any CPU
		{67C7C932-3C24-428E-95CD-2C2896E080CF}.Release|x86.Build.0 = Release|Any CPU
		{BBB2C262-FBF1-4B7A-B5E7-EAE0FE26BA1D}.Debug|Any CPU.ActiveCfg = Debug|Any CPU
		{BBB2C262-FBF1-4B7A-B5E7-EAE0FE26BA1D}.Debug|Any CPU.Build.0 = Debug|Any CPU
		{BBB2C262-FBF1-4B7A-B5E7-EAE0FE26BA1D}.Debug|x64.ActiveCfg = Debug|Any CPU
		{BBB2C262-FBF1-4B7A-B5E7-EAE0FE26BA1D}.Debug|x64.Build.0 = Debug|Any CPU
		{BBB2C262-FBF1-4B7A-B5E7-EAE0FE26BA1D}.Debug|x86.ActiveCfg = Debug|Any CPU
		{BBB2C262-FBF1-4B7A-B5E7-EAE0FE26BA1D}.Debug|x86.Build.0 = Debug|Any CPU
		{BBB2C262-FBF1-4B7A-B5E7-EAE0FE26BA1D}.Release|Any CPU.ActiveCfg = Release|Any CPU
		{BBB2C262-FBF1-4B7A-B5E7-EAE0FE26BA1D}.Release|Any CPU.Build.0 = Release|Any CPU
		{BBB2C262-FBF1-4B7A-B5E7-EAE0FE26BA1D}.Release|x64.ActiveCfg = Release|Any CPU
		{BBB2C262-FBF1-4B7A-B5E7-EAE0FE26BA1D}.Release|x64.Build.0 = Release|Any CPU
		{BBB2C262-FBF1-4B7A-B5E7-EAE0FE26BA1D}.Release|x86.ActiveCfg = Release|Any CPU
		{BBB2C262-FBF1-4B7A-B5E7-EAE0FE26BA1D}.Release|x86.Build.0 = Release|Any CPU
		{1B1D61D2-919E-4496-A2E7-1FA8DFBC9FC7}.Debug|Any CPU.ActiveCfg = Debug|Any CPU
		{1B1D61D2-919E-4496-A2E7-1FA8DFBC9FC7}.Debug|Any CPU.Build.0 = Debug|Any CPU
		{1B1D61D2-919E-4496-A2E7-1FA8DFBC9FC7}.Debug|x64.ActiveCfg = Debug|Any CPU
		{1B1D61D2-919E-4496-A2E7-1FA8DFBC9FC7}.Debug|x64.Build.0 = Debug|Any CPU
		{1B1D61D2-919E-4496-A2E7-1FA8DFBC9FC7}.Debug|x86.ActiveCfg = Debug|Any CPU
		{1B1D61D2-919E-4496-A2E7-1FA8DFBC9FC7}.Debug|x86.Build.0 = Debug|Any CPU
		{1B1D61D2-919E-4496-A2E7-1FA8DFBC9FC7}.Release|Any CPU.ActiveCfg = Release|Any CPU
		{1B1D61D2-919E-4496-A2E7-1FA8DFBC9FC7}.Release|Any CPU.Build.0 = Release|Any CPU
		{1B1D61D2-919E-4496-A2E7-1FA8DFBC9FC7}.Release|x64.ActiveCfg = Release|Any CPU
		{1B1D61D2-919E-4496-A2E7-1FA8DFBC9FC7}.Release|x64.Build.0 = Release|Any CPU
		{1B1D61D2-919E-4496-A2E7-1FA8DFBC9FC7}.Release|x86.ActiveCfg = Release|Any CPU
		{1B1D61D2-919E-4496-A2E7-1FA8DFBC9FC7}.Release|x86.Build.0 = Release|Any CPU
		{FA74E0B6-CE54-46F4-A15B-259A390C85B9}.Debug|Any CPU.ActiveCfg = Debug|Any CPU
		{FA74E0B6-CE54-46F4-A15B-259A390C85B9}.Debug|Any CPU.Build.0 = Debug|Any CPU
		{FA74E0B6-CE54-46F4-A15B-259A390C85B9}.Debug|x64.ActiveCfg = Debug|Any CPU
		{FA74E0B6-CE54-46F4-A15B-259A390C85B9}.Debug|x64.Build.0 = Debug|Any CPU
		{FA74E0B6-CE54-46F4-A15B-259A390C85B9}.Debug|x86.ActiveCfg = Debug|Any CPU
		{FA74E0B6-CE54-46F4-A15B-259A390C85B9}.Debug|x86.Build.0 = Debug|Any CPU
		{FA74E0B6-CE54-46F4-A15B-259A390C85B9}.Release|Any CPU.ActiveCfg = Release|Any CPU
		{FA74E0B6-CE54-46F4-A15B-259A390C85B9}.Release|Any CPU.Build.0 = Release|Any CPU
		{FA74E0B6-CE54-46F4-A15B-259A390C85B9}.Release|x64.ActiveCfg = Release|Any CPU
		{FA74E0B6-CE54-46F4-A15B-259A390C85B9}.Release|x64.Build.0 = Release|Any CPU
		{FA74E0B6-CE54-46F4-A15B-259A390C85B9}.Release|x86.ActiveCfg = Release|Any CPU
		{FA74E0B6-CE54-46F4-A15B-259A390C85B9}.Release|x86.Build.0 = Release|Any CPU
		{9E1F6E75-1F6C-4FC6-A974-51B7D8EDE54F}.Debug|Any CPU.ActiveCfg = Debug|Any CPU
		{9E1F6E75-1F6C-4FC6-A974-51B7D8EDE54F}.Debug|Any CPU.Build.0 = Debug|Any CPU
		{9E1F6E75-1F6C-4FC6-A974-51B7D8EDE54F}.Debug|x64.ActiveCfg = Debug|Any CPU
		{9E1F6E75-1F6C-4FC6-A974-51B7D8EDE54F}.Debug|x64.Build.0 = Debug|Any CPU
		{9E1F6E75-1F6C-4FC6-A974-51B7D8EDE54F}.Debug|x86.ActiveCfg = Debug|Any CPU
		{9E1F6E75-1F6C-4FC6-A974-51B7D8EDE54F}.Debug|x86.Build.0 = Debug|Any CPU
		{9E1F6E75-1F6C-4FC6-A974-51B7D8EDE54F}.Release|Any CPU.ActiveCfg = Release|Any CPU
		{9E1F6E75-1F6C-4FC6-A974-51B7D8EDE54F}.Release|Any CPU.Build.0 = Release|Any CPU
		{9E1F6E75-1F6C-4FC6-A974-51B7D8EDE54F}.Release|x64.ActiveCfg = Release|Any CPU
		{9E1F6E75-1F6C-4FC6-A974-51B7D8EDE54F}.Release|x64.Build.0 = Release|Any CPU
		{9E1F6E75-1F6C-4FC6-A974-51B7D8EDE54F}.Release|x86.ActiveCfg = Release|Any CPU
		{9E1F6E75-1F6C-4FC6-A974-51B7D8EDE54F}.Release|x86.Build.0 = Release|Any CPU
		{9170CBE4-B5BA-4F30-8DE2-F074976F0B30}.Debug|Any CPU.ActiveCfg = Debug|Any CPU
		{9170CBE4-B5BA-4F30-8DE2-F074976F0B30}.Debug|Any CPU.Build.0 = Debug|Any CPU
		{9170CBE4-B5BA-4F30-8DE2-F074976F0B30}.Debug|x64.ActiveCfg = Debug|Any CPU
		{9170CBE4-B5BA-4F30-8DE2-F074976F0B30}.Debug|x64.Build.0 = Debug|Any CPU
		{9170CBE4-B5BA-4F30-8DE2-F074976F0B30}.Debug|x86.ActiveCfg = Debug|Any CPU
		{9170CBE4-B5BA-4F30-8DE2-F074976F0B30}.Debug|x86.Build.0 = Debug|Any CPU
		{9170CBE4-B5BA-4F30-8DE2-F074976F0B30}.Release|Any CPU.ActiveCfg = Release|Any CPU
		{9170CBE4-B5BA-4F30-8DE2-F074976F0B30}.Release|Any CPU.Build.0 = Release|Any CPU
		{9170CBE4-B5BA-4F30-8DE2-F074976F0B30}.Release|x64.ActiveCfg = Release|Any CPU
		{9170CBE4-B5BA-4F30-8DE2-F074976F0B30}.Release|x64.Build.0 = Release|Any CPU
		{9170CBE4-B5BA-4F30-8DE2-F074976F0B30}.Release|x86.ActiveCfg = Release|Any CPU
		{9170CBE4-B5BA-4F30-8DE2-F074976F0B30}.Release|x86.Build.0 = Release|Any CPU
		{6A9BCC5C-F268-457B-BD47-F5BE227238C3}.Debug|Any CPU.ActiveCfg = Debug|Any CPU
		{6A9BCC5C-F268-457B-BD47-F5BE227238C3}.Debug|Any CPU.Build.0 = Debug|Any CPU
		{6A9BCC5C-F268-457B-BD47-F5BE227238C3}.Debug|x64.ActiveCfg = Debug|Any CPU
		{6A9BCC5C-F268-457B-BD47-F5BE227238C3}.Debug|x64.Build.0 = Debug|Any CPU
		{6A9BCC5C-F268-457B-BD47-F5BE227238C3}.Debug|x86.ActiveCfg = Debug|Any CPU
		{6A9BCC5C-F268-457B-BD47-F5BE227238C3}.Debug|x86.Build.0 = Debug|Any CPU
		{6A9BCC5C-F268-457B-BD47-F5BE227238C3}.Release|Any CPU.ActiveCfg = Release|Any CPU
		{6A9BCC5C-F268-457B-BD47-F5BE227238C3}.Release|Any CPU.Build.0 = Release|Any CPU
		{6A9BCC5C-F268-457B-BD47-F5BE227238C3}.Release|x64.ActiveCfg = Release|Any CPU
		{6A9BCC5C-F268-457B-BD47-F5BE227238C3}.Release|x64.Build.0 = Release|Any CPU
		{6A9BCC5C-F268-457B-BD47-F5BE227238C3}.Release|x86.ActiveCfg = Release|Any CPU
		{6A9BCC5C-F268-457B-BD47-F5BE227238C3}.Release|x86.Build.0 = Release|Any CPU
		{DB224A2A-B1B9-45FE-B5AD-326D23E76F84}.Debug|Any CPU.ActiveCfg = Debug|Any CPU
		{DB224A2A-B1B9-45FE-B5AD-326D23E76F84}.Debug|Any CPU.Build.0 = Debug|Any CPU
		{DB224A2A-B1B9-45FE-B5AD-326D23E76F84}.Debug|x64.ActiveCfg = Debug|Any CPU
		{DB224A2A-B1B9-45FE-B5AD-326D23E76F84}.Debug|x64.Build.0 = Debug|Any CPU
		{DB224A2A-B1B9-45FE-B5AD-326D23E76F84}.Debug|x86.ActiveCfg = Debug|Any CPU
		{DB224A2A-B1B9-45FE-B5AD-326D23E76F84}.Debug|x86.Build.0 = Debug|Any CPU
		{DB224A2A-B1B9-45FE-B5AD-326D23E76F84}.Release|Any CPU.ActiveCfg = Release|Any CPU
		{DB224A2A-B1B9-45FE-B5AD-326D23E76F84}.Release|Any CPU.Build.0 = Release|Any CPU
		{DB224A2A-B1B9-45FE-B5AD-326D23E76F84}.Release|x64.ActiveCfg = Release|Any CPU
		{DB224A2A-B1B9-45FE-B5AD-326D23E76F84}.Release|x64.Build.0 = Release|Any CPU
		{DB224A2A-B1B9-45FE-B5AD-326D23E76F84}.Release|x86.ActiveCfg = Release|Any CPU
		{DB224A2A-B1B9-45FE-B5AD-326D23E76F84}.Release|x86.Build.0 = Release|Any CPU
		{F6B6EF0E-E199-4985-9264-BF60CB3B5031}.Debug|Any CPU.ActiveCfg = Debug|Any CPU
		{F6B6EF0E-E199-4985-9264-BF60CB3B5031}.Debug|Any CPU.Build.0 = Debug|Any CPU
		{F6B6EF0E-E199-4985-9264-BF60CB3B5031}.Debug|x64.ActiveCfg = Debug|Any CPU
		{F6B6EF0E-E199-4985-9264-BF60CB3B5031}.Debug|x64.Build.0 = Debug|Any CPU
		{F6B6EF0E-E199-4985-9264-BF60CB3B5031}.Debug|x86.ActiveCfg = Debug|Any CPU
		{F6B6EF0E-E199-4985-9264-BF60CB3B5031}.Debug|x86.Build.0 = Debug|Any CPU
		{F6B6EF0E-E199-4985-9264-BF60CB3B5031}.Release|Any CPU.ActiveCfg = Release|Any CPU
		{F6B6EF0E-E199-4985-9264-BF60CB3B5031}.Release|Any CPU.Build.0 = Release|Any CPU
		{F6B6EF0E-E199-4985-9264-BF60CB3B5031}.Release|x64.ActiveCfg = Release|Any CPU
		{F6B6EF0E-E199-4985-9264-BF60CB3B5031}.Release|x64.Build.0 = Release|Any CPU
		{F6B6EF0E-E199-4985-9264-BF60CB3B5031}.Release|x86.ActiveCfg = Release|Any CPU
		{F6B6EF0E-E199-4985-9264-BF60CB3B5031}.Release|x86.Build.0 = Release|Any CPU
		{22DC087D-AE9C-44F0-A26E-91FC04EF41A7}.Debug|Any CPU.ActiveCfg = Debug|Any CPU
		{22DC087D-AE9C-44F0-A26E-91FC04EF41A7}.Debug|Any CPU.Build.0 = Debug|Any CPU
		{22DC087D-AE9C-44F0-A26E-91FC04EF41A7}.Debug|x64.ActiveCfg = Debug|Any CPU
		{22DC087D-AE9C-44F0-A26E-91FC04EF41A7}.Debug|x64.Build.0 = Debug|Any CPU
		{22DC087D-AE9C-44F0-A26E-91FC04EF41A7}.Debug|x86.ActiveCfg = Debug|Any CPU
		{22DC087D-AE9C-44F0-A26E-91FC04EF41A7}.Debug|x86.Build.0 = Debug|Any CPU
		{22DC087D-AE9C-44F0-A26E-91FC04EF41A7}.Release|Any CPU.ActiveCfg = Release|Any CPU
		{22DC087D-AE9C-44F0-A26E-91FC04EF41A7}.Release|Any CPU.Build.0 = Release|Any CPU
		{22DC087D-AE9C-44F0-A26E-91FC04EF41A7}.Release|x64.ActiveCfg = Release|Any CPU
		{22DC087D-AE9C-44F0-A26E-91FC04EF41A7}.Release|x64.Build.0 = Release|Any CPU
		{22DC087D-AE9C-44F0-A26E-91FC04EF41A7}.Release|x86.ActiveCfg = Release|Any CPU
		{22DC087D-AE9C-44F0-A26E-91FC04EF41A7}.Release|x86.Build.0 = Release|Any CPU
		{2DE6DB10-CAE6-43F6-9AD4-20473460601F}.Debug|Any CPU.ActiveCfg = Debug|Any CPU
		{2DE6DB10-CAE6-43F6-9AD4-20473460601F}.Debug|Any CPU.Build.0 = Debug|Any CPU
		{2DE6DB10-CAE6-43F6-9AD4-20473460601F}.Debug|x64.ActiveCfg = Debug|Any CPU
		{2DE6DB10-CAE6-43F6-9AD4-20473460601F}.Debug|x64.Build.0 = Debug|Any CPU
		{2DE6DB10-CAE6-43F6-9AD4-20473460601F}.Debug|x86.ActiveCfg = Debug|Any CPU
		{2DE6DB10-CAE6-43F6-9AD4-20473460601F}.Debug|x86.Build.0 = Debug|Any CPU
		{2DE6DB10-CAE6-43F6-9AD4-20473460601F}.Release|Any CPU.ActiveCfg = Release|Any CPU
		{2DE6DB10-CAE6-43F6-9AD4-20473460601F}.Release|Any CPU.Build.0 = Release|Any CPU
		{2DE6DB10-CAE6-43F6-9AD4-20473460601F}.Release|x64.ActiveCfg = Release|Any CPU
		{2DE6DB10-CAE6-43F6-9AD4-20473460601F}.Release|x64.Build.0 = Release|Any CPU
		{2DE6DB10-CAE6-43F6-9AD4-20473460601F}.Release|x86.ActiveCfg = Release|Any CPU
		{2DE6DB10-CAE6-43F6-9AD4-20473460601F}.Release|x86.Build.0 = Release|Any CPU
		{BB1CEBA7-936F-4CD3-8332-A7CDD361DF74}.Debug|Any CPU.ActiveCfg = Debug|Any CPU
		{BB1CEBA7-936F-4CD3-8332-A7CDD361DF74}.Debug|Any CPU.Build.0 = Debug|Any CPU
		{BB1CEBA7-936F-4CD3-8332-A7CDD361DF74}.Debug|x64.ActiveCfg = Debug|Any CPU
		{BB1CEBA7-936F-4CD3-8332-A7CDD361DF74}.Debug|x64.Build.0 = Debug|Any CPU
		{BB1CEBA7-936F-4CD3-8332-A7CDD361DF74}.Debug|x86.ActiveCfg = Debug|Any CPU
		{BB1CEBA7-936F-4CD3-8332-A7CDD361DF74}.Debug|x86.Build.0 = Debug|Any CPU
		{BB1CEBA7-936F-4CD3-8332-A7CDD361DF74}.Release|Any CPU.ActiveCfg = Release|Any CPU
		{BB1CEBA7-936F-4CD3-8332-A7CDD361DF74}.Release|Any CPU.Build.0 = Release|Any CPU
		{BB1CEBA7-936F-4CD3-8332-A7CDD361DF74}.Release|x64.ActiveCfg = Release|Any CPU
		{BB1CEBA7-936F-4CD3-8332-A7CDD361DF74}.Release|x64.Build.0 = Release|Any CPU
		{BB1CEBA7-936F-4CD3-8332-A7CDD361DF74}.Release|x86.ActiveCfg = Release|Any CPU
		{BB1CEBA7-936F-4CD3-8332-A7CDD361DF74}.Release|x86.Build.0 = Release|Any CPU
		{51830611-08EE-407F-8FDE-3819DA9F3362}.Debug|Any CPU.ActiveCfg = Debug|Any CPU
		{51830611-08EE-407F-8FDE-3819DA9F3362}.Debug|Any CPU.Build.0 = Debug|Any CPU
		{51830611-08EE-407F-8FDE-3819DA9F3362}.Debug|x64.ActiveCfg = Debug|Any CPU
		{51830611-08EE-407F-8FDE-3819DA9F3362}.Debug|x64.Build.0 = Debug|Any CPU
		{51830611-08EE-407F-8FDE-3819DA9F3362}.Debug|x86.ActiveCfg = Debug|Any CPU
		{51830611-08EE-407F-8FDE-3819DA9F3362}.Debug|x86.Build.0 = Debug|Any CPU
		{51830611-08EE-407F-8FDE-3819DA9F3362}.Release|Any CPU.ActiveCfg = Release|Any CPU
		{51830611-08EE-407F-8FDE-3819DA9F3362}.Release|Any CPU.Build.0 = Release|Any CPU
		{51830611-08EE-407F-8FDE-3819DA9F3362}.Release|x64.ActiveCfg = Release|Any CPU
		{51830611-08EE-407F-8FDE-3819DA9F3362}.Release|x64.Build.0 = Release|Any CPU
		{51830611-08EE-407F-8FDE-3819DA9F3362}.Release|x86.ActiveCfg = Release|Any CPU
		{51830611-08EE-407F-8FDE-3819DA9F3362}.Release|x86.Build.0 = Release|Any CPU
		{CE7A63AC-7DEF-4B53-BD0C-07B41328A83E}.Debug|Any CPU.ActiveCfg = Debug|Any CPU
		{CE7A63AC-7DEF-4B53-BD0C-07B41328A83E}.Debug|Any CPU.Build.0 = Debug|Any CPU
		{CE7A63AC-7DEF-4B53-BD0C-07B41328A83E}.Debug|x64.ActiveCfg = Debug|Any CPU
		{CE7A63AC-7DEF-4B53-BD0C-07B41328A83E}.Debug|x64.Build.0 = Debug|Any CPU
		{CE7A63AC-7DEF-4B53-BD0C-07B41328A83E}.Debug|x86.ActiveCfg = Debug|Any CPU
		{CE7A63AC-7DEF-4B53-BD0C-07B41328A83E}.Debug|x86.Build.0 = Debug|Any CPU
		{CE7A63AC-7DEF-4B53-BD0C-07B41328A83E}.Release|Any CPU.ActiveCfg = Release|Any CPU
		{CE7A63AC-7DEF-4B53-BD0C-07B41328A83E}.Release|Any CPU.Build.0 = Release|Any CPU
		{CE7A63AC-7DEF-4B53-BD0C-07B41328A83E}.Release|x64.ActiveCfg = Release|Any CPU
		{CE7A63AC-7DEF-4B53-BD0C-07B41328A83E}.Release|x64.Build.0 = Release|Any CPU
		{CE7A63AC-7DEF-4B53-BD0C-07B41328A83E}.Release|x86.ActiveCfg = Release|Any CPU
		{CE7A63AC-7DEF-4B53-BD0C-07B41328A83E}.Release|x86.Build.0 = Release|Any CPU
	EndGlobalSection
	GlobalSection(SolutionProperties) = preSolution
		HideSolutionNode = FALSE
	EndGlobalSection
	GlobalSection(NestedProjects) = preSolution
		{67C7C932-3C24-428E-95CD-2C2896E080CF} = {8E38F648-6C13-4138-A8FB-4DF35B66CB12}
		{BBB2C262-FBF1-4B7A-B5E7-EAE0FE26BA1D} = {DD1985B9-7A0F-4B8A-AC9C-2C0675DF083E}
		{1B1D61D2-919E-4496-A2E7-1FA8DFBC9FC7} = {908B3390-0AB4-4FFF-A227-F8CD22A58484}
		{9E1F6E75-1F6C-4FC6-A974-51B7D8EDE54F} = {DD1985B9-7A0F-4B8A-AC9C-2C0675DF083E}
		{9170CBE4-B5BA-4F30-8DE2-F074976F0B30} = {DD1985B9-7A0F-4B8A-AC9C-2C0675DF083E}
		{6A9BCC5C-F268-457B-BD47-F5BE227238C3} = {DD1985B9-7A0F-4B8A-AC9C-2C0675DF083E}
		{DB224A2A-B1B9-45FE-B5AD-326D23E76F84} = {908B3390-0AB4-4FFF-A227-F8CD22A58484}
		{F6B6EF0E-E199-4985-9264-BF60CB3B5031} = {DD1985B9-7A0F-4B8A-AC9C-2C0675DF083E}
		{22DC087D-AE9C-44F0-A26E-91FC04EF41A7} = {DD1985B9-7A0F-4B8A-AC9C-2C0675DF083E}
		{2DE6DB10-CAE6-43F6-9AD4-20473460601F} = {908B3390-0AB4-4FFF-A227-F8CD22A58484}
		{BB1CEBA7-936F-4CD3-8332-A7CDD361DF74} = {DD1985B9-7A0F-4B8A-AC9C-2C0675DF083E}
		{51830611-08EE-407F-8FDE-3819DA9F3362} = {908B3390-0AB4-4FFF-A227-F8CD22A58484}
		{CE7A63AC-7DEF-4B53-BD0C-07B41328A83E} = {DD1985B9-7A0F-4B8A-AC9C-2C0675DF083E}
	EndGlobalSection
	GlobalSection(ExtensibilityGlobals) = postSolution
		SolutionGuid = {A72EE6CA-91B9-4DBD-A082-55E80822506F}
	EndGlobalSection
EndGlobal
